{
    "_readme": [
        "This file locks the dependencies of your project to a known state",
        "Read more about it at http://getcomposer.org/doc/01-basic-usage.md#composer-lock-the-lock-file",
        "This file is @generated automatically"
    ],
    "hash": "911384fcf2b73a40106a65f92251d4c2",
    "packages": [
        {
            "name": "filp/whoops",
            "version": "dev-master",
            "source": {
                "type": "git",
                "url": "https://github.com/filp/whoops.git",
                "reference": "806ab0007aeb85a3a45f6df87617a04d79f6a757"
            },
            "dist": {
                "type": "zip",
                "url": "https://api.github.com/repos/filp/whoops/zipball/806ab0007aeb85a3a45f6df87617a04d79f6a757",
                "reference": "806ab0007aeb85a3a45f6df87617a04d79f6a757",
                "shasum": ""
            },
            "require": {
                "php": ">=5.3.0"
            },
            "require-dev": {
                "mockery/mockery": "0.9.*"
            },
            "type": "library",
            "extra": {
                "branch-alias": {
                    "dev-master": "1.2-dev"
                }
            },
            "autoload": {
                "psr-0": {
                    "Whoops": "src/"
                },
                "classmap": [
                    "src/deprecated"
                ]
            },
            "notification-url": "https://packagist.org/downloads/",
            "license": [
                "MIT"
            ],
            "authors": [
                {
                    "name": "Filipe Dobreira",
                    "homepage": "https://github.com/filp",
                    "role": "Developer"
                }
            ],
            "description": "php error handling for cool kids",
            "homepage": "https://github.com/filp/whoops",
            "keywords": [
                "error",
                "exception",
                "handling",
                "library",
                "silex-provider",
                "whoops",
                "zf2"
            ],
            "time": "2014-05-25 02:28:45"
        },
        {
            "name": "jlogsdon/cli",
            "version": "dev-master",
            "source": {
                "type": "git",
                "url": "https://github.com/jlogsdon/php-cli-tools.git",
                "reference": "ee739f6c470e77732723597f34b4e5661756349d"
            },
            "dist": {
                "type": "zip",
                "url": "https://api.github.com/repos/jlogsdon/php-cli-tools/zipball/ee739f6c470e77732723597f34b4e5661756349d",
                "reference": "ee739f6c470e77732723597f34b4e5661756349d",
                "shasum": ""
            },
            "require": {
                "php": ">= 5.3.0"
            },
            "type": "library",
            "autoload": {
                "psr-0": {
                    "cli": "lib/"
                },
                "files": [
                    "lib/cli/cli.php"
                ]
            },
            "notification-url": "https://packagist.org/downloads/",
            "license": [
                "MIT"
            ],
            "authors": [
                {
                    "name": "James Logsdon",
                    "email": "jlogsdon@php.net",
                    "role": "Developer"
                }
            ],
            "description": "Console utilities for PHP",
            "homepage": "http://github.com/jlogsdon/php-cli-tools",
            "keywords": [
                "cli",
                "console"
            ],
            "time": "2014-02-20 16:37:01"
        },
        {
            "name": "slim/slim",
            "version": "2.4.3",
            "source": {
                "type": "git",
                "url": "https://github.com/codeguy/Slim.git",
                "reference": "4906b77a07c7bd6ff1a99aea903e940a2d4fa106"
            },
            "dist": {
                "type": "zip",
                "url": "https://api.github.com/repos/codeguy/Slim/zipball/4906b77a07c7bd6ff1a99aea903e940a2d4fa106",
                "reference": "4906b77a07c7bd6ff1a99aea903e940a2d4fa106",
                "shasum": ""
            },
            "require": {
                "php": ">=5.3.0"
            },
            "suggest": {
                "ext-mcrypt": "Required for HTTP cookie encryption"
            },
            "type": "library",
            "autoload": {
                "psr-0": {
                    "Slim": "."
                }
            },
            "notification-url": "https://packagist.org/downloads/",
            "license": [
                "MIT"
            ],
            "authors": [
                {
                    "name": "Josh Lockhart",
                    "email": "info@joshlockhart.com",
                    "homepage": "http://www.joshlockhart.com/"
                }
            ],
            "description": "Slim Framework, a PHP micro framework",
            "homepage": "http://github.com/codeguy/Slim",
            "keywords": [
                "microframework",
                "rest",
                "router"
            ],
            "time": "2014-04-05 18:33:59"
        }
    ],
    "packages-dev": [

    ],
    "aliases": [

    ],
    "minimum-stability": "stable",
    "stability-flags": {
        "jlogsdon/cli": 20,
        "filp/whoops": 20
    },
    "platform": [

    ],
    "platform-dev": [

    ]
}
